<?xml version="1.0" encoding="utf-8"?>
<Project ToolsVersion="4.0" xmlns="http://schemas.microsoft.com/developer/msbuild/2003">
  <ItemGroup>
    <Filter Include="Source Files">
      <UniqueIdentifier>{4FC737F1-C7A5-4376-A066-2A32D752A2FF}</UniqueIdentifier>
      <Extensions>cpp;c;cc;cxx;def;odl;idl;hpj;bat;asm;asmx</Extensions>
    </Filter>
    <Filter Include="Header Files">
      <UniqueIdentifier>{93995380-89BD-4b04-88EB-625FBE52EBFB}</UniqueIdentifier>
      <Extensions>h;hh;hpp;hxx;hm;inl;inc;xsd</Extensions>
    </Filter>
    <Filter Include="Resource Files">
      <UniqueIdentifier>{67DA6AB6-F800-4c08-8B7A-83BB121AAD01}</UniqueIdentifier>
      <Extensions>rc;ico;cur;bmp;dlg;rc2;rct;bin;rgs;gif;jpg;jpeg;jpe;resx;tiff;tif;png;wav;mfcribbon-ms</Extensions>
    </Filter>
  </ItemGroup>
  <ItemGroup>
    <ClInclude Include="..\..\c++\src\capnp\any.h">
      <Filter>Header Files</Filter>
    </ClInclude>
    <ClInclude Include="..\..\c++\src\capnp\arena.h">
      <Filter>Header Files</Filter>
    </ClInclude>
    <ClInclude Include="..\..\c++\src\capnp\blob.h">
      <Filter>Header Files</Filter>
    </ClInclude>
    <ClInclude Include="..\..\c++\src\capnp\c++.capnp.h">
      <Filter>Header Files</Filter>
    </ClInclude>
    <ClInclude Include="..\..\c++\src\capnp\capability.h">
      <Filter>Header Files</Filter>
    </ClInclude>
    <ClInclude Include="..\..\c++\src\capnp\common.h">
      <Filter>Header Files</Filter>
    </ClInclude>
    <ClInclude Include="..\..\c++\src\capnp\dynamic.h">
      <Filter>Header Files</Filter>
    </ClInclude>
    <ClInclude Include="..\..\c++\src\capnp\endian.h">
      <Filter>Header Files</Filter>
    </ClInclude>
    <ClInclude Include="..\..\c++\src\capnp\ez-rpc.h">
      <Filter>Header Files</Filter>
    </ClInclude>
    <ClInclude Include="..\..\c++\src\capnp\generated-header-support.h">
      <Filter>Header Files</Filter>
    </ClInclude>
    <ClInclude Include="..\..\c++\src\capnp\layout.h">
      <Filter>Header Files</Filter>
    </ClInclude>
    <ClInclude Include="..\..\c++\src\capnp\list.h">
      <Filter>Header Files</Filter>
    </ClInclude>
    <ClInclude Include="..\..\c++\src\capnp\message.h">
      <Filter>Header Files</Filter>
    </ClInclude>
    <ClInclude Include="..\..\c++\src\capnp\orphan.h">
      <Filter>Header Files</Filter>
    </ClInclude>
    <ClInclude Include="..\..\c++\src\capnp\pointer-helpers.h">
      <Filter>Header Files</Filter>
    </ClInclude>
    <ClInclude Include="..\..\c++\src\capnp\pretty-print.h">
      <Filter>Header Files</Filter>
    </ClInclude>
    <ClInclude Include="..\..\c++\src\capnp\rpc.capnp.h">
      <Filter>Header Files</Filter>
    </ClInclude>
    <ClInclude Include="..\..\c++\src\capnp\rpc.h">
      <Filter>Header Files</Filter>
    </ClInclude>
    <ClInclude Include="..\..\c++\src\capnp\rpc-prelude.h">
      <Filter>Header Files</Filter>
    </ClInclude>
    <ClInclude Include="..\..\c++\src\capnp\rpc-twoparty.capnp.h">
      <Filter>Header Files</Filter>
    </ClInclude>
    <ClInclude Include="..\..\c++\src\capnp\rpc-twoparty.h">
      <Filter>Header Files</Filter>
    </ClInclude>
    <ClInclude Include="..\..\c++\src\capnp\schema.capnp.h">
      <Filter>Header Files</Filter>
    </ClInclude>
    <ClInclude Include="..\..\c++\src\capnp\schema.h">
      <Filter>Header Files</Filter>
    </ClInclude>
    <ClInclude Include="..\..\c++\src\capnp\schema-loader.h">
      <Filter>Header Files</Filter>
    </ClInclude>
    <ClInclude Include="..\..\c++\src\capnp\schema-parser.h">
      <Filter>Header Files</Filter>
    </ClInclude>
    <ClInclude Include="..\..\c++\src\capnp\serialize.h">
      <Filter>Header Files</Filter>
    </ClInclude>
    <ClInclude Include="..\..\c++\src\capnp\serialize-async.h">
      <Filter>Header Files</Filter>
    </ClInclude>
    <ClInclude Include="..\..\c++\src\capnp\serialize-packed.h">
      <Filter>Header Files</Filter>
    </ClInclude>
    <ClInclude Include="..\..\c++\src\capnp\test-util.h">
      <Filter>Header Files</Filter>
    </ClInclude>
  </ItemGroup>
  <ItemGroup>
    <None Include="..\..\c++\src\capnp\any-test.c++" />
    <None Include="..\..\c++\src\capnp\blob-test.c++" />
    <None Include="..\..\c++\src\capnp\capability-test.c++" />
    <None Include="..\..\c++\src\capnp\common-test.c++" />
    <None Include="..\..\c++\src\capnp\dynamic-test.c++" />
    <None Include="..\..\c++\src\capnp\encoding-test.c++" />
    <None Include="..\..\c++\src\capnp\endian-fallback-test.c++" />
    <None Include="..\..\c++\src\capnp\endian-reverse-test.c++" />
    <None Include="..\..\c++\src\capnp\endian-test.c++" />
    <None Include="..\..\c++\src\capnp\ez-rpc-test.c++" />
    <None Include="..\..\c++\src\capnp\layout-test.c++" />
    <None Include="..\..\c++\src\capnp\message-test.c++" />
    <None Include="..\..\c++\src\capnp\orphan-test.c++" />
    <None Include="..\..\c++\src\capnp\rpc-test.c++" />
    <None Include="..\..\c++\src\capnp\rpc-twoparty-test.c++" />
    <None Include="..\..\c++\src\capnp\schema.capnp.c++" />
    <None Include="..\..\c++\src\capnp\schema-loader-test.c++" />
    <None Include="..\..\c++\src\capnp\schema-parser-test.c++" />
    <None Include="..\..\c++\src\capnp\schema-test.c++" />
    <None Include="..\..\c++\src\capnp\serialize-async-test.c++" />
    <None Include="..\..\c++\src\capnp\serialize-packed-test.c++" />
    <None Include="..\..\c++\src\capnp\stringify-test.c++" />
    <None Include="..\..\c++\src\capnp\test-util.c++" />
    <None Include="..\..\c++\src\capnp\serialize-test.c++" />
  </ItemGroup>
  <ItemGroup>
    <ClCompile Include="..\..\c++\src\capnp\any.c++">
      <Filter>Source Files</Filter>
    </ClCompile>
    <ClCompile Include="..\..\c++\src\capnp\arena.c++">
      <Filter>Source Files</Filter>
    </ClCompile>
    <ClCompile Include="..\..\c++\src\capnp\blob.c++">
      <Filter>Source Files</Filter>
    </ClCompile>
    <ClCompile Include="..\..\c++\src\capnp\c++.capnp.c++">
      <Filter>Source Files</Filter>
    </ClCompile>
    <ClCompile Include="..\..\c++\src\capnp\capability.c++">
      <Filter>Source Files</Filter>
    </ClCompile>
    <ClCompile Include="..\..\c++\src\capnp\dynamic.c++">
      <Filter>Source Files</Filter>
    </ClCompile>
    <ClCompile Include="..\..\c++\src\capnp\dynamic-capability.c++">
      <Filter>Source Files</Filter>
    </ClCompile>
    <ClCompile Include="..\..\c++\src\capnp\ez-rpc.c++">
      <Filter>Source Files</Filter>
    </ClCompile>
    <ClCompile Include="..\..\c++\src\capnp\layout.c++">
      <Filter>Source Files</Filter>
    </ClCompile>
    <ClCompile Include="..\..\c++\src\capnp\list.c++">
      <Filter>Source Files</Filter>
    </ClCompile>
    <ClCompile Include="..\..\c++\src\capnp\message.c++">
      <Filter>Source Files</Filter>
    </ClCompile>
    <ClCompile Include="..\..\c++\src\capnp\rpc.c++">
      <Filter>Source Files</Filter>
    </ClCompile>
    <ClCompile Include="..\..\c++\src\capnp\rpc.capnp.c++">
      <Filter>Source Files</Filter>
    </ClCompile>
    <ClCompile Include="..\..\c++\src\capnp\rpc-twoparty.c++">
      <Filter>Source Files</Filter>
    </ClCompile>
    <ClCompile Include="..\..\c++\src\capnp\rpc-twoparty.capnp.c++">
      <Filter>Source Files</Filter>
    </ClCompile>
    <ClCompile Include="..\..\c++\src\capnp\schema.c++">
      <Filter>Source Files</Filter>
    </ClCompile>
    <ClCompile Include="..\..\c++\src\capnp\schema-loader.c++">
      <Filter>Source Files</Filter>
    </ClCompile>
    <ClCompile Include="..\..\c++\src\capnp\schema-parser.c++">
      <Filter>Source Files</Filter>
    </ClCompile>
    <ClCompile Include="..\..\c++\src\capnp\serialize.c++">
      <Filter>Source Files</Filter>
    </ClCompile>
    <ClCompile Include="..\..\c++\src\capnp\serialize-async.c++">
      <Filter>Source Files</Filter>
    </ClCompile>
    <ClCompile Include="..\..\c++\src\capnp\serialize-packed.c++">
      <Filter>Source Files</Filter>
    </ClCompile>
    <ClCompile Include="..\..\c++\src\capnp\stringify.c++">
      <Filter>Source Files</Filter>
    </ClCompile>
  </ItemGroup>
</Project>