<?xml version="1.0" encoding="utf-8"?>
<Project ToolsVersion="4.0" xmlns="http://schemas.microsoft.com/developer/msbuild/2003">
  <ItemGroup>
    <Filter Include="Source Files">
      <UniqueIdentifier>{4FC737F1-C7A5-4376-A066-2A32D752A2FF}</UniqueIdentifier>
      <Extensions>cpp;c;cc;cxx;def;odl;idl;hpj;bat;asm;asmx</Extensions>
    </Filter>
    <Filter Include="Header Files">
      <UniqueIdentifier>{93995380-89BD-4b04-88EB-625FBE52EBFB}</UniqueIdentifier>
      <Extensions>h;hh;hpp;hxx;hm;inl;inc;xsd</Extensions>
    </Filter>
    <Filter Include="Resource Files">
      <UniqueIdentifier>{67DA6AB6-F800-4c08-8B7A-83BB121AAD01}</UniqueIdentifier>
      <Extensions>rc;ico;cur;bmp;dlg;rc2;rct;bin;rgs;gif;jpg;jpeg;jpe;resx;tiff;tif;png;wav;mfcribbon-ms</Extensions>
    </Filter>
  </ItemGroup>
  <ItemGroup>
    <ClInclude Include="..\..\c++\src\capnp\compiler\compiler.h">
      <Filter>Header Files</Filter>
    </ClInclude>
    <ClInclude Include="..\..\c++\src\capnp\compiler\error-reporter.h">
      <Filter>Header Files</Filter>
    </ClInclude>
    <ClInclude Include="..\..\c++\src\capnp\compiler\grammar.capnp.h">
      <Filter>Header Files</Filter>
    </ClInclude>
    <ClInclude Include="..\..\c++\src\capnp\compiler\lexer.capnp.h">
      <Filter>Header Files</Filter>
    </ClInclude>
    <ClInclude Include="..\..\c++\src\capnp\compiler\lexer.h">
      <Filter>Header Files</Filter>
    </ClInclude>
    <ClInclude Include="..\..\c++\src\capnp\compiler\md5.h">
      <Filter>Header Files</Filter>
    </ClInclude>
    <ClInclude Include="..\..\c++\src\capnp\compiler\module-loader.h">
      <Filter>Header Files</Filter>
    </ClInclude>
    <ClInclude Include="..\..\c++\src\capnp\compiler\node-translator.h">
      <Filter>Header Files</Filter>
    </ClInclude>
    <ClInclude Include="..\..\c++\src\capnp\compiler\parser.h">
      <Filter>Header Files</Filter>
    </ClInclude>
  </ItemGroup>
  <ItemGroup>
    <ClCompile Include="..\..\c++\src\capnp\compiler\capnp.c++">
      <Filter>Source Files</Filter>
    </ClCompile>
    <ClCompile Include="..\..\c++\src\capnp\compiler\capnpc-c++.c++">
      <Filter>Source Files</Filter>
    </ClCompile>
    <ClCompile Include="..\..\c++\src\capnp\compiler\capnpc-capnp.c++">
      <Filter>Source Files</Filter>
    </ClCompile>
    <ClCompile Include="..\..\c++\src\capnp\compiler\compiler.c++">
      <Filter>Source Files</Filter>
    </ClCompile>
    <ClCompile Include="..\..\c++\src\capnp\compiler\error-reporter.c++">
      <Filter>Source Files</Filter>
    </ClCompile>
    <ClCompile Include="..\..\c++\src\capnp\compiler\grammar.capnp.c++">
      <Filter>Source Files</Filter>
    </ClCompile>
    <ClCompile Include="..\..\c++\src\capnp\compiler\lexer.c++">
      <Filter>Source Files</Filter>
    </ClCompile>
    <ClCompile Include="..\..\c++\src\capnp\compiler\lexer.capnp.c++">
      <Filter>Source Files</Filter>
    </ClCompile>
    <ClCompile Include="..\..\c++\src\capnp\compiler\md5.c++">
      <Filter>Source Files</Filter>
    </ClCompile>
    <ClCompile Include="..\..\c++\src\capnp\compiler\module-loader.c++">
      <Filter>Source Files</Filter>
    </ClCompile>
    <ClCompile Include="..\..\c++\src\capnp\compiler\node-translator.c++">
      <Filter>Source Files</Filter>
    </ClCompile>
    <ClCompile Include="..\..\c++\src\capnp\compiler\parser.c++">
      <Filter>Source Files</Filter>
    </ClCompile>
  </ItemGroup>
</Project>